
Microsoft Visual Studio Solution File, Format Version 12.00
# Visual Studio 14
VisualStudioVersion = 14.0.25420.1
MinimumVisualStudioVersion = 10.0.40219.1
Project("{FAE04EC0-301F-11D3-BF4B-00C04F79EFBC}") = "Syntagma", "Syntagma\Syntagma.csproj", "{C5AD0B13-C780-4E26-B1FC-BB572E9A4397}"
EndProject
Global
	GlobalSection(SolutionConfigurationPlatforms) = preSolution
		Debug|Any CPU = Debug|Any CPU
		Release|Any CPU = Release|Any CPU
	EndGlobalSection
	GlobalSection(ProjectConfigurationPlatforms) = postSolution
		{C5AD0B13-C780-4E26-B1FC-BB572E9A4397}.Debug|Any CPU.ActiveCfg = Debug|Any CPU
		{C5AD0B13-C780-4E26-B1FC-BB572E9A4397}.Debug|Any CPU.Build.0 = Debug|Any CPU
		{C5AD0B13-C780-4E26-B1FC-BB572E9A4397}.Release|Any CPU.ActiveCfg = Release|Any CPU
		{C5AD0B13-C780-4E26-B1FC-BB572E9A4397}.Release|Any CPU.Build.0 = Release|Any CPU
	EndGlobalSection
	GlobalSection(SolutionProperties) = preSolution
		HideSolutionNode = FALSE
	EndGlobalSection
EndGlobal
